<?xml version="1.0" encoding="utf-8"?>
<Project ToolsVersion="15.0" xmlns="http://schemas.microsoft.com/developer/msbuild/2003">
  <ItemGroup>
    <Filter Include="Shaders">
      <UniqueIdentifier>{f623e7f1-8c33-498c-a013-61087d5df999}</UniqueIdentifier>
    </Filter>
    <Filter Include="Shaders\Common">
      <UniqueIdentifier>{1e0eea61-74d4-4155-8636-7a0c0c775da3}</UniqueIdentifier>
    </Filter>
    <Filter Include="Source Files">
      <UniqueIdentifier>{3bfd9fed-2e56-45b0-bd53-dadb8e71894a}</UniqueIdentifier>
    </Filter>
  </ItemGroup>
  <ItemGroup>
    <None Include="packages.config" />
    <None Include="Shaders\SGLight.hlsli">
      <Filter>Shaders\Common</Filter>
    </None>
    <None Include="Shaders\VSGLGenerationCS.hlsli">
      <Filter>Shaders</Filter>
    </None>
    <None Include="Shaders\NormalizedDeviceCoordinate.hlsli">
      <Filter>Shaders\Common</Filter>
    </None>
    <None Include="Shaders\SphericalGaussian.hlsli">
      <Filter>Shaders\Common</Filter>
    </None>
    <None Include="Shaders\OctahedralMapping.hlsli">
      <Filter>Shaders\Common</Filter>
    </None>
    <None Include="Shaders\NumericLimits.hlsli">
      <Filter>Shaders\Common</Filter>
    </None>
    <None Include="Shaders\MathConstants.hlsli">
      <Filter>Shaders\Common</Filter>
    </None>
    <None Include="Shaders\AnisotropicSphericalGaussian.hlsli">
      <Filter>Shaders\Common</Filter>
    </None>
    <None Include="Shaders\SmithGGXBRDF.hlsli">
      <Filter>Shaders\Common</Filter>
    </None>
    <None Include="Shaders\NormalMapUtility.hlsli">
      <Filter>Shaders\Common</Filter>
    </None>
    <None Include="Shaders\Math.hlsli">
      <Filter>Shaders\Common</Filter>
    </None>
    <None Include="Shaders\GGX.hlsli">
      <Filter>Shaders\Common</Filter>
    </None>
  </ItemGroup>
  <ItemGroup>
    <ClCompile Include="MyRenderer.cpp">
      <Filter>Source Files</Filter>
    </ClCompile>
    <ClCompile Include="ModelViewer.cpp">
      <Filter>Source Files</Filter>
    </ClCompile>
  </ItemGroup>
  <ItemGroup>
    <ClInclude Include="Shaders\VSGLGenerationSetting.h">
      <Filter>Shaders</Filter>
    </ClInclude>
    <ClInclude Include="Scene.h">
      <Filter>Source Files</Filter>
    </ClInclude>
    <ClInclude Include="MyRenderer.h">
      <Filter>Source Files</Filter>
    </ClInclude>
  </ItemGroup>
  <ItemGroup>
    <FxCompile Include="Shaders\VSGLGenerationSpecularCS.hlsl">
      <Filter>Shaders</Filter>
    </FxCompile>
    <FxCompile Include="Shaders\VSGLGenerationDiffuseCS.hlsl">
      <Filter>Shaders</Filter>
    </FxCompile>
    <FxCompile Include="Shaders\ReflectiveShadowMapPS.hlsl">
      <Filter>Shaders</Filter>
    </FxCompile>
    <FxCompile Include="Shaders\ReflectiveShadowMapVS.hlsl">
      <Filter>Shaders</Filter>
    </FxCompile>
    <FxCompile Include="Shaders\ReflectiveShadowMapCutoutPS.hlsl">
      <Filter>Shaders</Filter>
    </FxCompile>
    <FxCompile Include="Shaders\DepthVS.hlsl">
      <Filter>Shaders</Filter>
    </FxCompile>
    <FxCompile Include="Shaders\DepthCutoutVS.hlsl">
      <Filter>Shaders</Filter>
    </FxCompile>
    <FxCompile Include="Shaders\DepthCutoutPS.hlsl">
      <Filter>Shaders</Filter>
    </FxCompile>
    <FxCompile Include="Shaders\LightingVS.hlsl">
      <Filter>Shaders</Filter>
    </FxCompile>
    <FxCompile Include="Shaders\LightingPS.hlsl">
      <Filter>Shaders</Filter>
    </FxCompile>
    <FxCompile Include="Shaders\LightingCutoutPS.hlsl">
      <Filter>Shaders</Filter>
    </FxCompile>
    <FxCompile Include="Shaders\PreviousLightingCutoutPS.hlsl">
      <Filter>Shaders</Filter>
    </FxCompile>
    <FxCompile Include="Shaders\PreviousLightingPS.hlsl">
      <Filter>Shaders</Filter>
    </FxCompile>
  </ItemGroup>
</Project>