<?xml version="1.0" encoding="utf-8"?>
<Project ToolsVersion="15.0" xmlns="http://schemas.microsoft.com/developer/msbuild/2003">
  <ItemGroup>
    <Filter Include="Renderer">
      <UniqueIdentifier>{ecbe64c7-7bee-499a-94a4-11358bb0ce0a}</UniqueIdentifier>
    </Filter>
    <Filter Include="Renderer\Shaders">
      <UniqueIdentifier>{f623e7f1-8c33-498c-a013-61087d5df999}</UniqueIdentifier>
    </Filter>
    <Filter Include="Renderer\Shaders\Common">
      <UniqueIdentifier>{1e0eea61-74d4-4155-8636-7a0c0c775da3}</UniqueIdentifier>
    </Filter>
  </ItemGroup>
  <ItemGroup>
    <None Include="packages.config" />
    <None Include="Renderer\Shaders\SGLight.hlsli">
      <Filter>Renderer\Shaders\Common</Filter>
    </None>
    <None Include="Renderer\Shaders\VSGLGenerationCS.hlsli">
      <Filter>Renderer\Shaders</Filter>
    </None>
    <None Include="Renderer\Shaders\NormalizedDeviceCoordinate.hlsli">
      <Filter>Renderer\Shaders\Common</Filter>
    </None>
    <None Include="Renderer\Shaders\SphericalGaussian.hlsli">
      <Filter>Renderer\Shaders\Common</Filter>
    </None>
    <None Include="Renderer\Shaders\OctahedralMapping.hlsli">
      <Filter>Renderer\Shaders\Common</Filter>
    </None>
    <None Include="Renderer\Shaders\NumericLimits.hlsli">
      <Filter>Renderer\Shaders\Common</Filter>
    </None>
    <None Include="Renderer\Shaders\MathConstants.hlsli">
      <Filter>Renderer\Shaders\Common</Filter>
    </None>
    <None Include="Renderer\Shaders\AnisotropicSphericalGaussian.hlsli">
      <Filter>Renderer\Shaders\Common</Filter>
    </None>
    <None Include="Renderer\Shaders\SmithGGXBRDF.hlsli">
      <Filter>Renderer\Shaders\Common</Filter>
    </None>
    <None Include="Renderer\Shaders\NormalMapUtility.hlsli">
      <Filter>Renderer\Shaders\Common</Filter>
    </None>
  </ItemGroup>
  <ItemGroup>
    <ClCompile Include="ModelViewer.cpp" />
    <ClCompile Include="Renderer\Renderer.cpp">
      <Filter>Renderer</Filter>
    </ClCompile>
  </ItemGroup>
  <ItemGroup>
    <ClInclude Include="Renderer\Renderer.h">
      <Filter>Renderer</Filter>
    </ClInclude>
    <ClInclude Include="Renderer\Scene.h">
      <Filter>Renderer</Filter>
    </ClInclude>
    <ClInclude Include="Renderer\Shaders\VSGLGenerationSetting.h">
      <Filter>Renderer\Shaders</Filter>
    </ClInclude>
  </ItemGroup>
  <ItemGroup>
    <FxCompile Include="Renderer\Shaders\VSGLGenerationSpecularCS.hlsl">
      <Filter>Renderer\Shaders</Filter>
    </FxCompile>
    <FxCompile Include="Renderer\Shaders\VSGLGenerationDiffuseCS.hlsl">
      <Filter>Renderer\Shaders</Filter>
    </FxCompile>
    <FxCompile Include="Renderer\Shaders\DepthVS.hlsl">
      <Filter>Renderer\Shaders</Filter>
    </FxCompile>
    <FxCompile Include="Renderer\Shaders\ReflectiveShadowMapPS.hlsl">
      <Filter>Renderer\Shaders</Filter>
    </FxCompile>
    <FxCompile Include="Renderer\Shaders\ReflectiveShadowMapVS.hlsl">
      <Filter>Renderer\Shaders</Filter>
    </FxCompile>
    <FxCompile Include="Renderer\Shaders\DepthCutoutVS.hlsl">
      <Filter>Renderer\Shaders</Filter>
    </FxCompile>
    <FxCompile Include="Renderer\Shaders\DepthCutoutPS.hlsl">
      <Filter>Renderer\Shaders</Filter>
    </FxCompile>
    <FxCompile Include="Renderer\Shaders\ReflectiveShadowMapCutoutPS.hlsl">
      <Filter>Renderer\Shaders</Filter>
    </FxCompile>
    <FxCompile Include="Renderer\Shaders\LightingVS.hlsl">
      <Filter>Renderer\Shaders</Filter>
    </FxCompile>
    <FxCompile Include="Renderer\Shaders\LightingPS.hlsl">
      <Filter>Renderer\Shaders</Filter>
    </FxCompile>
    <FxCompile Include="Renderer\Shaders\LightingCutoutPS.hlsl">
      <Filter>Renderer\Shaders</Filter>
    </FxCompile>
    <FxCompile Include="Renderer\Shaders\LightingHSGPS.hlsl">
      <Filter>Renderer\Shaders</Filter>
    </FxCompile>
    <FxCompile Include="Renderer\Shaders\LightingHSGCutoutPS.hlsl">
      <Filter>Renderer\Shaders</Filter>
    </FxCompile>
  </ItemGroup>
</Project>